
Microsoft Visual Studio Solution File, Format Version 12.00
# Visual Studio Version 16
VisualStudioVersion = 16.0.30225.117
MinimumVisualStudioVersion = 10.0.40219.1
Project("{FAE04EC0-301F-11D3-BF4B-00C04F79EFBC}") = "IMAP.Android", "IMAP\IMAP.Android\IMAP.Android.csproj", "{C0839960-BA7F-4C2A-9707-5C20B4FB7F7F}"
EndProject
Project("{FAE04EC0-301F-11D3-BF4B-00C04F79EFBC}") = "IMAP.iOS", "IMAP\IMAP.iOS\IMAP.iOS.csproj", "{A5CB364F-5074-4098-B22F-950C1C181607}"
EndProject
Project("{FAE04EC0-301F-11D3-BF4B-00C04F79EFBC}") = "IMAP", "IMAP\IMAP\IMAP.csproj", "{0185D24F-1754-42FC-AA54-9F645A6BCD6F}"
EndProject
Global
	GlobalSection(SolutionConfigurationPlatforms) = preSolution
		Debug|Any CPU = Debug|Any CPU
		Debug|iPhone = Debug|iPhone
		Debug|iPhoneSimulator = Debug|iPhoneSimulator
		Release|Any CPU = Release|Any CPU
		Release|iPhone = Release|iPhone
		Release|iPhoneSimulator = Release|iPhoneSimulator
	EndGlobalSection
	GlobalSection(ProjectConfigurationPlatforms) = postSolution
		{C0839960-BA7F-4C2A-9707-5C20B4FB7F7F}.Debug|Any CPU.ActiveCfg = Debug|Any CPU
		{C0839960-BA7F-4C2A-9707-5C20B4FB7F7F}.Debug|Any CPU.Build.0 = Debug|Any CPU
		{C0839960-BA7F-4C2A-9707-5C20B4FB7F7F}.Debug|Any CPU.Deploy.0 = Debug|Any CPU
		{C0839960-BA7F-4C2A-9707-5C20B4FB7F7F}.Debug|iPhone.ActiveCfg = Debug|Any CPU
		{C0839960-BA7F-4C2A-9707-5C20B4FB7F7F}.Debug|iPhone.Build.0 = Debug|Any CPU
		{C0839960-BA7F-4C2A-9707-5C20B4FB7F7F}.Debug|iPhone.Deploy.0 = Debug|Any CPU
		{C0839960-BA7F-4C2A-9707-5C20B4FB7F7F}.Debug|iPhoneSimulator.ActiveCfg = Debug|Any CPU
		{C0839960-BA7F-4C2A-9707-5C20B4FB7F7F}.Debug|iPhoneSimulator.Build.0 = Debug|Any CPU
		{C0839960-BA7F-4C2A-9707-5C20B4FB7F7F}.Debug|iPhoneSimulator.Deploy.0 = Debug|Any CPU
		{C0839960-BA7F-4C2A-9707-5C20B4FB7F7F}.Release|Any CPU.ActiveCfg = Release|Any CPU
		{C0839960-BA7F-4C2A-9707-5C20B4FB7F7F}.Release|Any CPU.Build.0 = Release|Any CPU
		{C0839960-BA7F-4C2A-9707-5C20B4FB7F7F}.Release|Any CPU.Deploy.0 = Release|Any CPU
		{C0839960-BA7F-4C2A-9707-5C20B4FB7F7F}.Release|iPhone.ActiveCfg = Release|Any CPU
		{C0839960-BA7F-4C2A-9707-5C20B4FB7F7F}.Release|iPhone.Build.0 = Release|Any CPU
		{C0839960-BA7F-4C2A-9707-5C20B4FB7F7F}.Release|iPhone.Deploy.0 = Release|Any CPU
		{C0839960-BA7F-4C2A-9707-5C20B4FB7F7F}.Release|iPhoneSimulator.ActiveCfg = Release|Any CPU
		{C0839960-BA7F-4C2A-9707-5C20B4FB7F7F}.Release|iPhoneSimulator.Build.0 = Release|Any CPU
		{C0839960-BA7F-4C2A-9707-5C20B4FB7F7F}.Release|iPhoneSimulator.Deploy.0 = Release|Any CPU
		{A5CB364F-5074-4098-B22F-950C1C181607}.Debug|Any CPU.ActiveCfg = Debug|iPhone
		{A5CB364F-5074-4098-B22F-950C1C181607}.Debug|Any CPU.Build.0 = Debug|iPhone
		{A5CB364F-5074-4098-B22F-950C1C181607}.Debug|Any CPU.Deploy.0 = Debug|iPhone
		{A5CB364F-5074-4098-B22F-950C1C181607}.Debug|iPhone.ActiveCfg = Debug|iPhone
		{A5CB364F-5074-4098-B22F-950C1C181607}.Debug|iPhone.Build.0 = Debug|iPhone
		{A5CB364F-5074-4098-B22F-950C1C181607}.Debug|iPhone.Deploy.0 = Debug|iPhone
		{A5CB364F-5074-4098-B22F-950C1C181607}.Debug|iPhoneSimulator.ActiveCfg = Debug|iPhoneSimulator
		{A5CB364F-5074-4098-B22F-950C1C181607}.Debug|iPhoneSimulator.Build.0 = Debug|iPhoneSimulator
		{A5CB364F-5074-4098-B22F-950C1C181607}.Debug|iPhoneSimulator.Deploy.0 = Debug|iPhoneSimulator
		{A5CB364F-5074-4098-B22F-950C1C181607}.Release|Any CPU.ActiveCfg = Release|iPhone
		{A5CB364F-5074-4098-B22F-950C1C181607}.Release|Any CPU.Build.0 = Release|iPhone
		{A5CB364F-5074-4098-B22F-950C1C181607}.Release|Any CPU.Deploy.0 = Release|iPhone
		{A5CB364F-5074-4098-B22F-950C1C181607}.Release|iPhone.ActiveCfg = Release|iPhone
		{A5CB364F-5074-4098-B22F-950C1C181607}.Release|iPhone.Build.0 = Release|iPhone
		{A5CB364F-5074-4098-B22F-950C1C181607}.Release|iPhone.Deploy.0 = Release|iPhone
		{A5CB364F-5074-4098-B22F-950C1C181607}.Release|iPhoneSimulator.ActiveCfg = Release|iPhoneSimulator
		{A5CB364F-5074-4098-B22F-950C1C181607}.Release|iPhoneSimulator.Build.0 = Release|iPhoneSimulator
		{A5CB364F-5074-4098-B22F-950C1C181607}.Release|iPhoneSimulator.Deploy.0 = Release|iPhoneSimulator
		{0185D24F-1754-42FC-AA54-9F645A6BCD6F}.Debug|Any CPU.ActiveCfg = Debug|Any CPU
		{0185D24F-1754-42FC-AA54-9F645A6BCD6F}.Debug|Any CPU.Build.0 = Debug|Any CPU
		{0185D24F-1754-42FC-AA54-9F645A6BCD6F}.Debug|Any CPU.Deploy.0 = Debug|Any CPU
		{0185D24F-1754-42FC-AA54-9F645A6BCD6F}.Debug|iPhone.ActiveCfg = Debug|Any CPU
		{0185D24F-1754-42FC-AA54-9F645A6BCD6F}.Debug|iPhone.Build.0 = Debug|Any CPU
		{0185D24F-1754-42FC-AA54-9F645A6BCD6F}.Debug|iPhone.Deploy.0 = Debug|Any CPU
		{0185D24F-1754-42FC-AA54-9F645A6BCD6F}.Debug|iPhoneSimulator.ActiveCfg = Debug|Any CPU
		{0185D24F-1754-42FC-AA54-9F645A6BCD6F}.Debug|iPhoneSimulator.Build.0 = Debug|Any CPU
		{0185D24F-1754-42FC-AA54-9F645A6BCD6F}.Debug|iPhoneSimulator.Deploy.0 = Debug|Any CPU
		{0185D24F-1754-42FC-AA54-9F645A6BCD6F}.Release|Any CPU.ActiveCfg = Release|Any CPU
		{0185D24F-1754-42FC-AA54-9F645A6BCD6F}.Release|Any CPU.Build.0 = Release|Any CPU
		{0185D24F-1754-42FC-AA54-9F645A6BCD6F}.Release|Any CPU.Deploy.0 = Release|Any CPU
		{0185D24F-1754-42FC-AA54-9F645A6BCD6F}.Release|iPhone.ActiveCfg = Release|Any CPU
		{0185D24F-1754-42FC-AA54-9F645A6BCD6F}.Release|iPhone.Build.0 = Release|Any CPU
		{0185D24F-1754-42FC-AA54-9F645A6BCD6F}.Release|iPhone.Deploy.0 = Release|Any CPU
		{0185D24F-1754-42FC-AA54-9F645A6BCD6F}.Release|iPhoneSimulator.ActiveCfg = Release|Any CPU
		{0185D24F-1754-42FC-AA54-9F645A6BCD6F}.Release|iPhoneSimulator.Build.0 = Release|Any CPU
		{0185D24F-1754-42FC-AA54-9F645A6BCD6F}.Release|iPhoneSimulator.Deploy.0 = Release|Any CPU
	EndGlobalSection
	GlobalSection(SolutionProperties) = preSolution
		HideSolutionNode = FALSE
	EndGlobalSection
	GlobalSection(ExtensibilityGlobals) = postSolution
		SolutionGuid = {C86CF34B-8915-44D6-A76D-5715E79ABD01}
	EndGlobalSection
EndGlobal
